
Microsoft Visual Studio Solution File, Format Version 12.00
# Visual Studio 15
Project("{FAE04EC0-301F-11D3-BF4B-00C04F79EFBC}") = "UnityEngine.TestRunner", "UnityEngine.TestRunner.csproj", "{A997F1D2-29B6-69B1-8C3E-8403404D62B7}"
EndProject
Project("{FAE04EC0-301F-11D3-BF4B-00C04F79EFBC}") = "Unity.Postprocessing.Runtime", "Unity.Postprocessing.Runtime.csproj", "{8C4D1A5D-B834-7ADB-83EF-E3C040750794}"
EndProject
Project("{FAE04EC0-301F-11D3-BF4B-00C04F79EFBC}") = "UnityEngine.UI", "UnityEngine.UI.csproj", "{75D191B5-3329-9F5E-945B-61C9EE3783EA}"
EndProject
Project("{FAE04EC0-301F-11D3-BF4B-00C04F79EFBC}") = "Unity.TextMeshPro", "Unity.TextMeshPro.csproj", "{89F0D9B3-361C-5BFC-F330-C9F7C4DC50A0}"
EndProject
Project("{FAE04EC0-301F-11D3-BF4B-00C04F79EFBC}") = "Unity.Timeline", "Unity.Timeline.csproj", "{5218F19C-BA3D-0BCD-380B-8EE6E492DEF3}"
EndProject
Project("{FAE04EC0-301F-11D3-BF4B-00C04F79EFBC}") = "Cinemachine", "Cinemachine.csproj", "{2B2D40F5-6CF1-218F-977E-4AB463F2E38D}"
EndProject
Project("{FAE04EC0-301F-11D3-BF4B-00C04F79EFBC}") = "Assembly-CSharp", "Assembly-CSharp.csproj", "{31EA003C-1CF9-D946-A919-8AC5ED6BE76A}"
EndProject
Project("{FAE04EC0-301F-11D3-BF4B-00C04F79EFBC}") = "Unity.TextMeshPro.Editor", "Unity.TextMeshPro.Editor.csproj", "{30A0FA5B-CDD1-8502-7557-C10569CDE19A}"
EndProject
Project("{FAE04EC0-301F-11D3-BF4B-00C04F79EFBC}") = "Unity.Timeline.Editor", "Unity.Timeline.Editor.csproj", "{F2F3A828-4063-9AB3-D069-5C284D4A4399}"
EndProject
Project("{FAE04EC0-301F-11D3-BF4B-00C04F79EFBC}") = "UnityEditor.TestRunner", "UnityEditor.TestRunner.csproj", "{31A8A28A-C955-55CA-F23B-B7CD439FBE8B}"
EndProject
Project("{FAE04EC0-301F-11D3-BF4B-00C04F79EFBC}") = "com.unity.cinemachine.editor", "com.unity.cinemachine.editor.csproj", "{D582590A-9592-5814-BDB1-AECFA467117C}"
EndProject
Project("{FAE04EC0-301F-11D3-BF4B-00C04F79EFBC}") = "UnityEditor.UI", "UnityEditor.UI.csproj", "{8C046274-5271-1154-4FE0-18BD6248A8CD}"
EndProject
Project("{FAE04EC0-301F-11D3-BF4B-00C04F79EFBC}") = "Unity.Rider.Editor", "Unity.Rider.Editor.csproj", "{63C88D27-7E0B-A5B2-ED6D-505FEF3D3346}"
EndProject
Project("{FAE04EC0-301F-11D3-BF4B-00C04F79EFBC}") = "Unity.Postprocessing.Editor", "Unity.Postprocessing.Editor.csproj", "{E81B0CC1-A77B-C1F5-0252-1DB52718CF12}"
EndProject
Project("{FAE04EC0-301F-11D3-BF4B-00C04F79EFBC}") = "Unity.CollabProxy.Editor", "Unity.CollabProxy.Editor.csproj", "{073AF664-1E42-C5B3-29C3-7F5F48B12350}"
EndProject
Project("{FAE04EC0-301F-11D3-BF4B-00C04F79EFBC}") = "Unity.VSCode.Editor", "Unity.VSCode.Editor.csproj", "{9099D5D8-763D-3E4D-8C54-A18587287872}"
EndProject
Project("{FAE04EC0-301F-11D3-BF4B-00C04F79EFBC}") = "Assembly-CSharp-Editor", "Assembly-CSharp-Editor.csproj", "{A1309D70-B6F5-52CF-F13A-A13D5A30ED55}"
EndProject
Global
	GlobalSection(SolutionConfigurationPlatforms) = preSolution
		Debug|Any CPU = Debug|Any CPU
		Release|Any CPU = Release|Any CPU
	EndGlobalSection
	GlobalSection(ProjectConfigurationPlatforms) = postSolution
		{A997F1D2-29B6-69B1-8C3E-8403404D62B7}.Debug|Any CPU.ActiveCfg = Debug|Any CPU
		{A997F1D2-29B6-69B1-8C3E-8403404D62B7}.Debug|Any CPU.Build.0 = Debug|Any CPU
		{A997F1D2-29B6-69B1-8C3E-8403404D62B7}.Release|Any CPU.ActiveCfg = Release|Any CPU
		{A997F1D2-29B6-69B1-8C3E-8403404D62B7}.Release|Any CPU.Build.0 = Release|Any CPU
		{8C4D1A5D-B834-7ADB-83EF-E3C040750794}.Debug|Any CPU.ActiveCfg = Debug|Any CPU
		{8C4D1A5D-B834-7ADB-83EF-E3C040750794}.Debug|Any CPU.Build.0 = Debug|Any CPU
		{8C4D1A5D-B834-7ADB-83EF-E3C040750794}.Release|Any CPU.ActiveCfg = Release|Any CPU
		{8C4D1A5D-B834-7ADB-83EF-E3C040750794}.Release|Any CPU.Build.0 = Release|Any CPU
		{75D191B5-3329-9F5E-945B-61C9EE3783EA}.Debug|Any CPU.ActiveCfg = Debug|Any CPU
		{75D191B5-3329-9F5E-945B-61C9EE3783EA}.Debug|Any CPU.Build.0 = Debug|Any CPU
		{75D191B5-3329-9F5E-945B-61C9EE3783EA}.Release|Any CPU.ActiveCfg = Release|Any CPU
		{75D191B5-3329-9F5E-945B-61C9EE3783EA}.Release|Any CPU.Build.0 = Release|Any CPU
		{89F0D9B3-361C-5BFC-F330-C9F7C4DC50A0}.Debug|Any CPU.ActiveCfg = Debug|Any CPU
		{89F0D9B3-361C-5BFC-F330-C9F7C4DC50A0}.Debug|Any CPU.Build.0 = Debug|Any CPU
		{89F0D9B3-361C-5BFC-F330-C9F7C4DC50A0}.Release|Any CPU.ActiveCfg = Release|Any CPU
		{89F0D9B3-361C-5BFC-F330-C9F7C4DC50A0}.Release|Any CPU.Build.0 = Release|Any CPU
		{5218F19C-BA3D-0BCD-380B-8EE6E492DEF3}.Debug|Any CPU.ActiveCfg = Debug|Any CPU
		{5218F19C-BA3D-0BCD-380B-8EE6E492DEF3}.Debug|Any CPU.Build.0 = Debug|Any CPU
		{5218F19C-BA3D-0BCD-380B-8EE6E492DEF3}.Release|Any CPU.ActiveCfg = Release|Any CPU
		{5218F19C-BA3D-0BCD-380B-8EE6E492DEF3}.Release|Any CPU.Build.0 = Release|Any CPU
		{2B2D40F5-6CF1-218F-977E-4AB463F2E38D}.Debug|Any CPU.ActiveCfg = Debug|Any CPU
		{2B2D40F5-6CF1-218F-977E-4AB463F2E38D}.Debug|Any CPU.Build.0 = Debug|Any CPU
		{2B2D40F5-6CF1-218F-977E-4AB463F2E38D}.Release|Any CPU.ActiveCfg = Release|Any CPU
		{2B2D40F5-6CF1-218F-977E-4AB463F2E38D}.Release|Any CPU.Build.0 = Release|Any CPU
		{31EA003C-1CF9-D946-A919-8AC5ED6BE76A}.Debug|Any CPU.ActiveCfg = Debug|Any CPU
		{31EA003C-1CF9-D946-A919-8AC5ED6BE76A}.Debug|Any CPU.Build.0 = Debug|Any CPU
		{31EA003C-1CF9-D946-A919-8AC5ED6BE76A}.Release|Any CPU.ActiveCfg = Release|Any CPU
		{31EA003C-1CF9-D946-A919-8AC5ED6BE76A}.Release|Any CPU.Build.0 = Release|Any CPU
		{30A0FA5B-CDD1-8502-7557-C10569CDE19A}.Debug|Any CPU.ActiveCfg = Debug|Any CPU
		{30A0FA5B-CDD1-8502-7557-C10569CDE19A}.Debug|Any CPU.Build.0 = Debug|Any CPU
		{30A0FA5B-CDD1-8502-7557-C10569CDE19A}.Release|Any CPU.ActiveCfg = Release|Any CPU
		{30A0FA5B-CDD1-8502-7557-C10569CDE19A}.Release|Any CPU.Build.0 = Release|Any CPU
		{F2F3A828-4063-9AB3-D069-5C284D4A4399}.Debug|Any CPU.ActiveCfg = Debug|Any CPU
		{F2F3A828-4063-9AB3-D069-5C284D4A4399}.Debug|Any CPU.Build.0 = Debug|Any CPU
		{F2F3A828-4063-9AB3-D069-5C284D4A4399}.Release|Any CPU.ActiveCfg = Release|Any CPU
		{F2F3A828-4063-9AB3-D069-5C284D4A4399}.Release|Any CPU.Build.0 = Release|Any CPU
		{31A8A28A-C955-55CA-F23B-B7CD439FBE8B}.Debug|Any CPU.ActiveCfg = Debug|Any CPU
		{31A8A28A-C955-55CA-F23B-B7CD439FBE8B}.Debug|Any CPU.Build.0 = Debug|Any CPU
		{31A8A28A-C955-55CA-F23B-B7CD439FBE8B}.Release|Any CPU.ActiveCfg = Release|Any CPU
		{31A8A28A-C955-55CA-F23B-B7CD439FBE8B}.Release|Any CPU.Build.0 = Release|Any CPU
		{D582590A-9592-5814-BDB1-AECFA467117C}.Debug|Any CPU.ActiveCfg = Debug|Any CPU
		{D582590A-9592-5814-BDB1-AECFA467117C}.Debug|Any CPU.Build.0 = Debug|Any CPU
		{D582590A-9592-5814-BDB1-AECFA467117C}.Release|Any CPU.ActiveCfg = Release|Any CPU
		{D582590A-9592-5814-BDB1-AECFA467117C}.Release|Any CPU.Build.0 = Release|Any CPU
		{8C046274-5271-1154-4FE0-18BD6248A8CD}.Debug|Any CPU.ActiveCfg = Debug|Any CPU
		{8C046274-5271-1154-4FE0-18BD6248A8CD}.Debug|Any CPU.Build.0 = Debug|Any CPU
		{8C046274-5271-1154-4FE0-18BD6248A8CD}.Release|Any CPU.ActiveCfg = Release|Any CPU
		{8C046274-5271-1154-4FE0-18BD6248A8CD}.Release|Any CPU.Build.0 = Release|Any CPU
		{63C88D27-7E0B-A5B2-ED6D-505FEF3D3346}.Debug|Any CPU.ActiveCfg = Debug|Any CPU
		{63C88D27-7E0B-A5B2-ED6D-505FEF3D3346}.Debug|Any CPU.Build.0 = Debug|Any CPU
		{63C88D27-7E0B-A5B2-ED6D-505FEF3D3346}.Release|Any CPU.ActiveCfg = Release|Any CPU
		{63C88D27-7E0B-A5B2-ED6D-505FEF3D3346}.Release|Any CPU.Build.0 = Release|Any CPU
		{E81B0CC1-A77B-C1F5-0252-1DB52718CF12}.Debug|Any CPU.ActiveCfg = Debug|Any CPU
		{E81B0CC1-A77B-C1F5-0252-1DB52718CF12}.Debug|Any CPU.Build.0 = Debug|Any CPU
		{E81B0CC1-A77B-C1F5-0252-1DB52718CF12}.Release|Any CPU.ActiveCfg = Release|Any CPU
		{E81B0CC1-A77B-C1F5-0252-1DB52718CF12}.Release|Any CPU.Build.0 = Release|Any CPU
		{073AF664-1E42-C5B3-29C3-7F5F48B12350}.Debug|Any CPU.ActiveCfg = Debug|Any CPU
		{073AF664-1E42-C5B3-29C3-7F5F48B12350}.Debug|Any CPU.Build.0 = Debug|Any CPU
		{073AF664-1E42-C5B3-29C3-7F5F48B12350}.Release|Any CPU.ActiveCfg = Release|Any CPU
		{073AF664-1E42-C5B3-29C3-7F5F48B12350}.Release|Any CPU.Build.0 = Release|Any CPU
		{9099D5D8-763D-3E4D-8C54-A18587287872}.Debug|Any CPU.ActiveCfg = Debug|Any CPU
		{9099D5D8-763D-3E4D-8C54-A18587287872}.Debug|Any CPU.Build.0 = Debug|Any CPU
		{9099D5D8-763D-3E4D-8C54-A18587287872}.Release|Any CPU.ActiveCfg = Release|Any CPU
		{9099D5D8-763D-3E4D-8C54-A18587287872}.Release|Any CPU.Build.0 = Release|Any CPU
		{A1309D70-B6F5-52CF-F13A-A13D5A30ED55}.Debug|Any CPU.ActiveCfg = Debug|Any CPU
		{A1309D70-B6F5-52CF-F13A-A13D5A30ED55}.Debug|Any CPU.Build.0 = Debug|Any CPU
		{A1309D70-B6F5-52CF-F13A-A13D5A30ED55}.Release|Any CPU.ActiveCfg = Release|Any CPU
		{A1309D70-B6F5-52CF-F13A-A13D5A30ED55}.Release|Any CPU.Build.0 = Release|Any CPU
	EndGlobalSection
	GlobalSection(SolutionProperties) = preSolution
		HideSolutionNode = FALSE
	EndGlobalSection
EndGlobal
